
Microsoft Visual Studio Solution File, Format Version 12.00
# Visual Studio 15
Project("{FAE04EC0-301F-11D3-BF4B-00C04F79EFBC}") = "Unity.2D.Tilemap.Editor", "Unity.2D.Tilemap.Editor.csproj", "{2E05BD83-DC18-D313-33A2-A365DF9AB699}"
EndProject
Project("{FAE04EC0-301F-11D3-BF4B-00C04F79EFBC}") = "UnityEditor.UI", "UnityEditor.UI.csproj", "{EFB9296F-97F6-7909-A0D6-7E7726807CEB}"
EndProject
Project("{FAE04EC0-301F-11D3-BF4B-00C04F79EFBC}") = "UnityEngine.UI", "UnityEngine.UI.csproj", "{B60934E1-AA01-DD4B-F266-FFFF60771C8F}"
EndProject
Project("{FAE04EC0-301F-11D3-BF4B-00C04F79EFBC}") = "Unity.2D.Sprite.Editor", "Unity.2D.Sprite.Editor.csproj", "{F26BAB65-65B3-4026-59C8-FA9C391791E4}"
EndProject
Project("{FAE04EC0-301F-11D3-BF4B-00C04F79EFBC}") = "Assembly-CSharp", "Assembly-CSharp.csproj", "{5F2C68A1-870B-1436-455F-5A1028369169}"
EndProject
Global
	GlobalSection(SolutionConfigurationPlatforms) = preSolution
		Debug|Any CPU = Debug|Any CPU
		Release|Any CPU = Release|Any CPU
	EndGlobalSection
	GlobalSection(ProjectConfigurationPlatforms) = postSolution
		{2E05BD83-DC18-D313-33A2-A365DF9AB699}.Debug|Any CPU.ActiveCfg = Debug|Any CPU
		{2E05BD83-DC18-D313-33A2-A365DF9AB699}.Debug|Any CPU.Build.0 = Debug|Any CPU
		{2E05BD83-DC18-D313-33A2-A365DF9AB699}.Release|Any CPU.ActiveCfg = Release|Any CPU
		{2E05BD83-DC18-D313-33A2-A365DF9AB699}.Release|Any CPU.Build.0 = Release|Any CPU
		{EFB9296F-97F6-7909-A0D6-7E7726807CEB}.Debug|Any CPU.ActiveCfg = Debug|Any CPU
		{EFB9296F-97F6-7909-A0D6-7E7726807CEB}.Debug|Any CPU.Build.0 = Debug|Any CPU
		{EFB9296F-97F6-7909-A0D6-7E7726807CEB}.Release|Any CPU.ActiveCfg = Release|Any CPU
		{EFB9296F-97F6-7909-A0D6-7E7726807CEB}.Release|Any CPU.Build.0 = Release|Any CPU
		{B60934E1-AA01-DD4B-F266-FFFF60771C8F}.Debug|Any CPU.ActiveCfg = Debug|Any CPU
		{B60934E1-AA01-DD4B-F266-FFFF60771C8F}.Debug|Any CPU.Build.0 = Debug|Any CPU
		{B60934E1-AA01-DD4B-F266-FFFF60771C8F}.Release|Any CPU.ActiveCfg = Release|Any CPU
		{B60934E1-AA01-DD4B-F266-FFFF60771C8F}.Release|Any CPU.Build.0 = Release|Any CPU
		{F26BAB65-65B3-4026-59C8-FA9C391791E4}.Debug|Any CPU.ActiveCfg = Debug|Any CPU
		{F26BAB65-65B3-4026-59C8-FA9C391791E4}.Debug|Any CPU.Build.0 = Debug|Any CPU
		{F26BAB65-65B3-4026-59C8-FA9C391791E4}.Release|Any CPU.ActiveCfg = Release|Any CPU
		{F26BAB65-65B3-4026-59C8-FA9C391791E4}.Release|Any CPU.Build.0 = Release|Any CPU
		{5F2C68A1-870B-1436-455F-5A1028369169}.Debug|Any CPU.ActiveCfg = Debug|Any CPU
		{5F2C68A1-870B-1436-455F-5A1028369169}.Debug|Any CPU.Build.0 = Debug|Any CPU
		{5F2C68A1-870B-1436-455F-5A1028369169}.Release|Any CPU.ActiveCfg = Release|Any CPU
		{5F2C68A1-870B-1436-455F-5A1028369169}.Release|Any CPU.Build.0 = Release|Any CPU
	EndGlobalSection
	GlobalSection(SolutionProperties) = preSolution
		HideSolutionNode = FALSE
	EndGlobalSection
EndGlobal
